
Microsoft Visual Studio Solution File, Format Version 12.00
# Visual Studio Version 17
VisualStudioVersion = 17.2.32516.85
MinimumVisualStudioVersion = 10.0.40219.1
Project("{FAE04EC0-301F-11D3-BF4B-00C04F79EFBC}") = "SyntaxSugar", "SyntaxSugar\SyntaxSugar.csproj", "{FE03A1F7-B534-4EA9-BFCC-2DA5A99CDDDB}"
EndProject
Global
	GlobalSection(SolutionConfigurationPlatforms) = preSolution
		Debug|Any CPU = Debug|Any CPU
		Release|Any CPU = Release|Any CPU
	EndGlobalSection
	GlobalSection(ProjectConfigurationPlatforms) = postSolution
		{FE03A1F7-B534-4EA9-BFCC-2DA5A99CDDDB}.Debug|Any CPU.ActiveCfg = Debug|Any CPU
		{FE03A1F7-B534-4EA9-BFCC-2DA5A99CDDDB}.Debug|Any CPU.Build.0 = Debug|Any CPU
		{FE03A1F7-B534-4EA9-BFCC-2DA5A99CDDDB}.Release|Any CPU.ActiveCfg = Release|Any CPU
		{FE03A1F7-B534-4EA9-BFCC-2DA5A99CDDDB}.Release|Any CPU.Build.0 = Release|Any CPU
	EndGlobalSection
	GlobalSection(SolutionProperties) = preSolution
		HideSolutionNode = FALSE
	EndGlobalSection
	GlobalSection(ExtensibilityGlobals) = postSolution
		SolutionGuid = {D1280CEA-598E-40A3-892C-D68A7D57D6F1}
	EndGlobalSection
EndGlobal
